# @generated by Move, please check-in and do not edit manually.

[move]
version = 3
manifest_digest = "29A8D95CC17F077C9D1119A97AE5E47C4B79075805035680C4FA6DAEDAA08E0D"
deps_digest = "F8BBB0CCB2491CA29A3DF03D6F92277A4F3574266507ACD77214D37ECA3F3082"
dependencies = [
  { id = "Sui", name = "Sui" },
]

[[move.package]]
id = "MoveStdlib"
source = { git = "https://github.com/MystenLabs/sui.git", rev = "framework/testnet", subdir = "crates/sui-framework/packages/move-stdlib" }

[[move.package]]
id = "Sui"
source = { git = "https://github.com/MystenLabs/sui.git", rev = "framework/testnet", subdir = "crates/sui-framework/packages/sui-framework" }

dependencies = [
  { id = "MoveStdlib", name = "MoveStdlib" },
]

[move.toolchain-version]
compiler-version = "1.49.1"
edition = "2024.beta"
flavor = "sui"

[env]

[env.testnet]
chain-id = "4c78adac"
original-published-id = "0xb3aae90f6f074bb83d8b42ad52d6bb12c71fa0696ab8e0d783cb709542c515de"
latest-published-id = "0xb3aae90f6f074bb83d8b42ad52d6bb12c71fa0696ab8e0d783cb709542c515de"
published-version = "1"
